{
  "projects": [
    {
      "projectId": "7nJ7UcFmq9UzB6eXfC5z4a",
      "version": "0.12.0",
      "dependencies": {},
      "lang": "ts",
      "fileLocks": [
        {
          "assetId": "7nJ7UcFmq9UzB6eXfC5z4a",
          "type": "projectCss",
          "checksum": "620158b11d2acad6742550afabaf3e3e"
        }
      ],
      "codegenVersion": "0.0.1"
    },
    {
      "projectId": "pMdR3HE58fchjU5MKnv9KV",
      "version": "latest",
      "dependencies": {
        "7nJ7UcFmq9UzB6eXfC5z4a": "0.12.0",
        "58GpZjZCWTaJ8AUhpCwt2K": "3.12.0"
      },
      "lang": "ts",
      "fileLocks": [
        {
          "type": "globalVariant",
          "assetId": "eJBsN3-Xa89-f",
          "checksum": "f98be36dea801a9666f31edab4dded47"
        },
        {
          "type": "renderModule",
          "assetId": "qXbhUiT421l8",
          "checksum": "ca2ef82e248a6a4cfe56c025b745ccbf"
        },
        {
          "type": "cssRules",
          "assetId": "qXbhUiT421l8",
          "checksum": "ca2ef82e248a6a4cfe56c025b745ccbf"
        },
        {
          "type": "renderModule",
          "assetId": "HGSty6rZ08u",
          "checksum": "2fc2c84686c3c9e8a4c57de806c83f02"
        },
        {
          "type": "cssRules",
          "assetId": "HGSty6rZ08u",
          "checksum": "2fc2c84686c3c9e8a4c57de806c83f02"
        },
        {
          "type": "icon",
          "assetId": "R0LO7nqIljI",
          "checksum": "016e6cd68cea5a7141ee4fd835372b9a"
        },
        {
          "type": "icon",
          "assetId": "nkTOxUhFR0H",
          "checksum": "6d872f803d8c7ea79f1679a8ba70551f"
        },
        {
          "type": "icon",
          "assetId": "Fq_64pdZJCQ",
          "checksum": "ee7882c1ef5aed753169b1160c4e2411"
        },
        {
          "type": "icon",
          "assetId": "nrMP-Yv4iN",
          "checksum": "6a6947b849f87dc208db47f417d78b81"
        },
        {
          "type": "icon",
          "assetId": "diaaMw_r8a",
          "checksum": "ff86bf3b7258f72b128ac841aa5a8dcf"
        },
        {
          "type": "icon",
          "assetId": "nNAd4RaSMU",
          "checksum": "43b85f7433e1f81b068613cc5a5eb4e9"
        },
        {
          "type": "icon",
          "assetId": "jIjDdkY-Vy",
          "checksum": "a0711d38ecffdc399b7c4bcff6f2cb04"
        },
        {
          "type": "icon",
          "assetId": "8nH40H-PCX",
          "checksum": "387911664e414b371c6640b4038c6705"
        },
        {
          "type": "image",
          "assetId": "WpdQmHIRP",
          "checksum": "4aa157a0c09414d2ab566c5932a3af1c"
        },
        {
          "type": "image",
          "assetId": "iQtCr27nX",
          "checksum": "659e4c9753c16d0011faf442334e9ee8"
        },
        {
          "type": "image",
          "assetId": "niWm9iEhf",
          "checksum": "a93343275eba0ce5ccf1aff05b354f9f"
        },
        {
          "type": "image",
          "assetId": "dX_tOsT2c",
          "checksum": "e33a414e0d0c54d4ed468397be582ba5"
        },
        {
          "type": "image",
          "assetId": "iRa2VUuht",
          "checksum": "3c52a200f483c9ea4a035c7fa103caa2"
        },
        {
          "type": "image",
          "assetId": "fv4gDsLJs",
          "checksum": "b6aef2f33cc8e22b4fcbcf0b3fea5007"
        },
        {
          "type": "image",
          "assetId": "kuBUhiV0Q",
          "checksum": "f1af3d21219d4930d6e3503760b9cf48"
        },
        {
          "type": "image",
          "assetId": "UvvTyFZIU",
          "checksum": "fdb795ed00296e21faacb82a623ca505"
        },
        {
          "type": "image",
          "assetId": "MnBHgsuHQ",
          "checksum": "130df642615a555b305d7b84d8da0d47"
        },
        {
          "type": "image",
          "assetId": "wwmVfwZfc",
          "checksum": "cd4a1259b3f6104203a2b9bbc8ec1a2b"
        },
        {
          "type": "image",
          "assetId": "QvnzGf-T_",
          "checksum": "7ea92b9d96357f62d7b47eefa0193317"
        },
        {
          "type": "icon",
          "assetId": "yat9hQpL9k",
          "checksum": "1a3199a459b95b43c63a4ac1ca0befa5"
        },
        {
          "type": "icon",
          "assetId": "s73VuNOXiV",
          "checksum": "8bd676b9eda2dfcd6353031c8bd572f9"
        },
        {
          "type": "icon",
          "assetId": "VfmWhDTTRh",
          "checksum": "e006aefa3967cc1085c7daa3ffa9f186"
        },
        {
          "type": "icon",
          "assetId": "QOrV05AskU",
          "checksum": "f57eccb041d57826f388ff0df8d31236"
        },
        {
          "type": "image",
          "assetId": "jVzoZryOi",
          "checksum": "9b0673a1a0d73948d73ecd9db7dbc6bd"
        },
        {
          "type": "image",
          "assetId": "dnjalEcsj",
          "checksum": "47d8c459dc547c0e93e62d3e8c62375f"
        },
        {
          "type": "image",
          "assetId": "o6IUDfu3o",
          "checksum": "2b4fbc4e367e6221971cde226edd0886"
        },
        {
          "type": "image",
          "assetId": "AOXdeRsVm",
          "checksum": "c4044d5f125c92f34f4a0ad022438fdf"
        },
        {
          "type": "image",
          "assetId": "rq_XI-aGs",
          "checksum": "1f7f304e5015137776ce28492a2d6a59"
        },
        {
          "type": "icon",
          "assetId": "kLhJAqmQQt",
          "checksum": "7bd04da3c8d9fda583a30e3fb8cc86ff"
        },
        {
          "type": "icon",
          "assetId": "K2rSbJId9j",
          "checksum": "7e8e44529a13768c588263638ca0665f"
        },
        {
          "type": "image",
          "assetId": "0r63dlSDc",
          "checksum": "f347434dc0402fcd0d825c31ea41da4f"
        },
        {
          "type": "image",
          "assetId": "8LNnjqIDd",
          "checksum": "a2cfb18bccd8e856819e2a4b9538d3e4"
        },
        {
          "type": "image",
          "assetId": "Ufz9hBLQA",
          "checksum": "63d5e9daa95800d4b4051e3e7f83b0dd"
        },
        {
          "type": "image",
          "assetId": "BAySkVZ8L",
          "checksum": "7a1526c36547f2e47720a7a331376b92"
        },
        {
          "type": "image",
          "assetId": "m6y0k1Ue3",
          "checksum": "db3f9eaec2123d37acdb5c1c82871dae"
        },
        {
          "type": "image",
          "assetId": "Fc3iQAk8i",
          "checksum": "0cf6d87c7af245fba3b96f51b74845d3"
        },
        {
          "type": "image",
          "assetId": "cyLBH62ti",
          "checksum": "4464b149dd989ddeff7975f396a5d412"
        },
        {
          "type": "image",
          "assetId": "Lw1qsdpoc",
          "checksum": "b5770f1a83d651493a0330cbd2802678"
        },
        {
          "type": "image",
          "assetId": "9Vlw_eZCn",
          "checksum": "12ffd03e6c387e07a530cbb3bbb11aab"
        },
        {
          "type": "image",
          "assetId": "5k6IjdEXz",
          "checksum": "a9822ae7e96abb84f661666c4f108891"
        },
        {
          "type": "image",
          "assetId": "FcRwsVPc3",
          "checksum": "f24d03565619fb39f2a99ba560218e99"
        },
        {
          "type": "image",
          "assetId": "8XODoHSkC",
          "checksum": "1196b6562feb9a090c5251e1f9fe7135"
        },
        {
          "type": "image",
          "assetId": "AOd9GeFcn",
          "checksum": "e50e91b438c54c6af1a883df7ecd7c4a"
        },
        {
          "type": "image",
          "assetId": "aJzKjhBSU",
          "checksum": "55cc0d53fe75088391999a2156d4d1b9"
        },
        {
          "type": "image",
          "assetId": "Vdz88qP2X",
          "checksum": "4294d3da6b1cdb35b32192e10b2407ac"
        },
        {
          "type": "image",
          "assetId": "sYktJNUYj",
          "checksum": "4c51296260d0c6cb7d0e37ca03b1d1f2"
        },
        {
          "type": "image",
          "assetId": "nWSFXdhyg",
          "checksum": "35bc4b179301b823499fde1ffecca945"
        },
        {
          "type": "image",
          "assetId": "fubPAcyJH",
          "checksum": "20222f7ee5878debe926faf2ccabcfba"
        },
        {
          "type": "image",
          "assetId": "Du9AhGLBj",
          "checksum": "42abf5b841ec5f447bc9263b96ef094f"
        },
        {
          "type": "image",
          "assetId": "KRd-72-uF",
          "checksum": "dccf2d451e8cbe21f36e7fa39dd7aa57"
        },
        {
          "type": "image",
          "assetId": "p4g-FTuec",
          "checksum": "0ce25c14cb110718ed32abf9e2e57f4f"
        },
        {
          "type": "image",
          "assetId": "fJoXPCYAN",
          "checksum": "ff9fd5ef23c08c0daff3ec2b131c2949"
        },
        {
          "type": "image",
          "assetId": "99xoIcgmf",
          "checksum": "cd79fdf247be0a99fc72b7ce1b22a621"
        },
        {
          "type": "image",
          "assetId": "Y1XA-xCgD",
          "checksum": "55d96e65b2b3a2b669568f8fd688b64e"
        },
        {
          "type": "image",
          "assetId": "nPv3L5TvS",
          "checksum": "aabb28aaf445a00a12ffbfe9c7dee3b4"
        },
        {
          "type": "image",
          "assetId": "YaQ6ADG_r",
          "checksum": "27fb864c23ad9eb7dcebdfa252ab5f4b"
        },
        {
          "type": "image",
          "assetId": "O5iDMKnOG",
          "checksum": "faefefa20aa12dc90f3103fa80191e96"
        },
        {
          "type": "image",
          "assetId": "AmZ_x3j76",
          "checksum": "1b261752181b3b658514ab1e3f2df58a"
        },
        {
          "type": "image",
          "assetId": "9w_nS51ow",
          "checksum": "c74f57c4ce5fdc92c608cf51d5a43825"
        },
        {
          "type": "image",
          "assetId": "sDYpfZh3y",
          "checksum": "4cf2a02c4ae033d29509bd909e6944bd"
        },
        {
          "type": "image",
          "assetId": "dCUVA1qUX",
          "checksum": "97befea1f5bfb7bbd7928941456caf4f"
        },
        {
          "type": "image",
          "assetId": "e6698lvNC",
          "checksum": "abc2b7a345b64145786407afed3ca80c"
        },
        {
          "type": "image",
          "assetId": "nZ_QzLoOR",
          "checksum": "67fa5d976fffb86a727ade89c6313d31"
        },
        {
          "type": "image",
          "assetId": "7r79au26M",
          "checksum": "99e407ab3c2d3e79ad2a65ecba4aaf7a"
        },
        {
          "type": "image",
          "assetId": "ygL4Y87EN",
          "checksum": "04e2c8254b15198a2c34b985166eac17"
        },
        {
          "type": "image",
          "assetId": "KjOYZUyvU",
          "checksum": "14d5964f452020e1ede0493d90da9655"
        },
        {
          "type": "image",
          "assetId": "t_zKRytAa",
          "checksum": "7d82aae676d2277c1ace70516e6b73d1"
        },
        {
          "type": "image",
          "assetId": "ijVMlB4Y8",
          "checksum": "f21cf6fae583e0ed7e74f70829ee39d2"
        },
        {
          "type": "image",
          "assetId": "zmMzbrc87",
          "checksum": "ed68166166d27aab6e3ac740a70fe7dd"
        },
        {
          "assetId": "pMdR3HE58fchjU5MKnv9KV",
          "type": "projectCss",
          "checksum": "50f992dfd3c94fb6e4052be77d6ff8c5"
        }
      ],
      "codegenVersion": "0.0.1"
    },
    {
      "projectId": "58GpZjZCWTaJ8AUhpCwt2K",
      "version": "3.12.0",
      "dependencies": {},
      "lang": "ts",
      "fileLocks": [
        {
          "assetId": "58GpZjZCWTaJ8AUhpCwt2K",
          "type": "projectCss",
          "checksum": "a06e29b4588f39bac1efcb497a5439cd"
        }
      ],
      "codegenVersion": "0.0.1"
    }
  ],
  "cliVersion": "0.1.249"
}
